
Microsoft Visual Studio Solution File, Format Version 12.00
# Visual Studio Express 15 for Windows Desktop
VisualStudioVersion = 15.0.28307.779
MinimumVisualStudioVersion = 10.0.40219.1
Project("{FAE04EC0-301F-11D3-BF4B-00C04F79EFBC}") = "Chorg", "Chorg\Chorg.csproj", "{6088C12C-9580-4ABE-BEEA-13AF7F68193C}"
EndProject
Global
	GlobalSection(SolutionConfigurationPlatforms) = preSolution
		Debug|Any CPU = Debug|Any CPU
		Release|Any CPU = Release|Any CPU
	EndGlobalSection
	GlobalSection(ProjectConfigurationPlatforms) = postSolution
		{6088C12C-9580-4ABE-BEEA-13AF7F68193C}.Debug|Any CPU.ActiveCfg = Debug|Any CPU
		{6088C12C-9580-4ABE-BEEA-13AF7F68193C}.Debug|Any CPU.Build.0 = Debug|Any CPU
		{6088C12C-9580-4ABE-BEEA-13AF7F68193C}.Release|Any CPU.ActiveCfg = Release|Any CPU
		{6088C12C-9580-4ABE-BEEA-13AF7F68193C}.Release|Any CPU.Build.0 = Release|Any CPU
	EndGlobalSection
	GlobalSection(SolutionProperties) = preSolution
		HideSolutionNode = FALSE
	EndGlobalSection
	GlobalSection(ExtensibilityGlobals) = postSolution
		SolutionGuid = {C189E64E-123E-43FF-B23E-47AC9E8EAAC5}
	EndGlobalSection
EndGlobal
